// !$*UTF8*$!
{
	archiveVersion = 1;
	classes = {
	};
	objectVersion = 46;
	objects = {

/* Begin PBXBuildFile section */
		521877871D9B3B8B00A63112 /* SavedRunsViewController.swift in Sources */ = {isa = PBXBuildFile; fileRef = 521877861D9B3B8B00A63112 /* SavedRunsViewController.swift */; };
		5236CF641D9439D400327C4B /* CustomRunTableViewCell.swift in Sources */ = {isa = PBXBuildFile; fileRef = 5236CF631D9439D400327C4B /* CustomRunTableViewCell.swift */; };
		52C602891D920C3500CA749A /* AppDelegate.swift in Sources */ = {isa = PBXBuildFile; fileRef = 52C602881D920C3500CA749A /* AppDelegate.swift */; };
		52C6028E1D920C3500CA749A /* Main.storyboard in Resources */ = {isa = PBXBuildFile; fileRef = 52C6028C1D920C3500CA749A /* Main.storyboard */; };
		52C602901D920C3500CA749A /* Assets.xcassets in Resources */ = {isa = PBXBuildFile; fileRef = 52C6028F1D920C3500CA749A /* Assets.xcassets */; };
		52C602931D920C3500CA749A /* LaunchScreen.storyboard in Resources */ = {isa = PBXBuildFile; fileRef = 52C602911D920C3500CA749A /* LaunchScreen.storyboard */; };
		52C6029B1D920DA300CA749A /* MapViewController.swift in Sources */ = {isa = PBXBuildFile; fileRef = 52C6029A1D920DA300CA749A /* MapViewController.swift */; };
		52C6029F1D92201100CA749A /* Run.swift in Sources */ = {isa = PBXBuildFile; fileRef = 52C6029E1D92201100CA749A /* Run.swift */; };
		52FA12911DA982520024112A /* TabBarController.swift in Sources */ = {isa = PBXBuildFile; fileRef = 52FA12901DA982520024112A /* TabBarController.swift */; };
/* End PBXBuildFile section */

/* Begin PBXFileReference section */
		521877861D9B3B8B00A63112 /* SavedRunsViewController.swift */ = {isa = PBXFileReference; fileEncoding = 4; lastKnownFileType = sourcecode.swift; name = SavedRunsViewController.swift; path = MapMyTrack/SavedRunsViewController.swift; sourceTree = "<group>"; };
		5236CF631D9439D400327C4B /* CustomRunTableViewCell.swift */ = {isa = PBXFileReference; fileEncoding = 4; lastKnownFileType = sourcecode.swift; path = CustomRunTableViewCell.swift; sourceTree = "<group>"; };
		52C602851D920C3500CA749A /* MapMyTrack.app */ = {isa = PBXFileReference; explicitFileType = wrapper.application; includeInIndex = 0; path = MapMyTrack.app; sourceTree = BUILT_PRODUCTS_DIR; };
		52C602881D920C3500CA749A /* AppDelegate.swift */ = {isa = PBXFileReference; lastKnownFileType = sourcecode.swift; path = AppDelegate.swift; sourceTree = "<group>"; };
		52C6028D1D920C3500CA749A /* Base */ = {isa = PBXFileReference; lastKnownFileType = file.storyboard; name = Base; path = Base.lproj/Main.storyboard; sourceTree = "<group>"; };
		52C6028F1D920C3500CA749A /* Assets.xcassets */ = {isa = PBXFileReference; lastKnownFileType = folder.assetcatalog; path = Assets.xcassets; sourceTree = "<group>"; };
		52C602921D920C3500CA749A /* Base */ = {isa = PBXFileReference; lastKnownFileType = file.storyboard; name = Base; path = Base.lproj/LaunchScreen.storyboard; sourceTree = "<group>"; };
		52C602941D920C3500CA749A /* Info.plist */ = {isa = PBXFileReference; lastKnownFileType = text.plist.xml; path = Info.plist; sourceTree = "<group>"; };
		52C6029A1D920DA300CA749A /* MapViewController.swift */ = {isa = PBXFileReference; fileEncoding = 4; lastKnownFileType = sourcecode.swift; path = MapViewController.swift; sourceTree = "<group>"; };
		52C6029E1D92201100CA749A /* Run.swift */ = {isa = PBXFileReference; fileEncoding = 4; lastKnownFileType = sourcecode.swift; path = Run.swift; sourceTree = "<group>"; };
		52FA12901DA982520024112A /* TabBarController.swift */ = {isa = PBXFileReference; fileEncoding = 4; lastKnownFileType = sourcecode.swift; name = TabBarController.swift; path = MapMyTrack/TabBarController.swift; sourceTree = "<group>"; };
/* End PBXFileReference section */

/* Begin PBXFrameworksBuildPhase section */
		52C602821D920C3500CA749A /* Frameworks */ = {
			isa = PBXFrameworksBuildPhase;
			buildActionMask = 2147483647;
			files = (
			);
			runOnlyForDeploymentPostprocessing = 0;
		};
/* End PBXFrameworksBuildPhase section */

/* Begin PBXGroup section */
		52C6027C1D920C3500CA749A = {
			isa = PBXGroup;
			children = (
				5236CF631D9439D400327C4B /* CustomRunTableViewCell.swift */,
				52C6029E1D92201100CA749A /* Run.swift */,
				52C6029A1D920DA300CA749A /* MapViewController.swift */,
				521877861D9B3B8B00A63112 /* SavedRunsViewController.swift */,
				52FA12901DA982520024112A /* TabBarController.swift */,
				52C602871D920C3500CA749A /* MapMyTrack */,
				52C602861D920C3500CA749A /* Products */,
			);
			sourceTree = "<group>";
		};
		52C602861D920C3500CA749A /* Products */ = {
			isa = PBXGroup;
			children = (
				52C602851D920C3500CA749A /* MapMyTrack.app */,
			);
			name = Products;
			sourceTree = "<group>";
		};
		52C602871D920C3500CA749A /* MapMyTrack */ = {
			isa = PBXGroup;
			children = (
				52C602881D920C3500CA749A /* AppDelegate.swift */,
				52C6028C1D920C3500CA749A /* Main.storyboard */,
				52C6028F1D920C3500CA749A /* Assets.xcassets */,
				52C602911D920C3500CA749A /* LaunchScreen.storyboard */,
				52C602941D920C3500CA749A /* Info.plist */,
			);
			path = MapMyTrack;
			sourceTree = "<group>";
		};
/* End PBXGroup section */

/* Begin PBXNativeTarget section */
		52C602841D920C3500CA749A /* MapMyTrack */ = {
			isa = PBXNativeTarget;
			buildConfigurationList = 52C602971D920C3500CA749A /* Build configuration list for PBXNativeTarget "MapMyTrack" */;
			buildPhases = (
				52C602811D920C3500CA749A /* Sources */,
				52C602821D920C3500CA749A /* Frameworks */,
				52C602831D920C3500CA749A /* Resources */,
			);
			buildRules = (
			);
			dependencies = (
			);
			name = MapMyTrack;
			productName = MapMyTrack;
			productReference = 52C602851D920C3500CA749A /* MapMyTrack.app */;
			productType = "com.apple.product-type.application";
		};
/* End PBXNativeTarget section */

/* Begin PBXProject section */
		52C6027D1D920C3500CA749A /* Project object */ = {
			isa = PBXProject;
			attributes = {
				LastSwiftUpdateCheck = 0730;
				LastUpgradeCheck = 0900;
				ORGANIZATIONNAME = com.example;
				TargetAttributes = {
					52C602841D920C3500CA749A = {
						CreatedOnToolsVersion = 7.3.1;
						DevelopmentTeam = JE9824DC59;
						LastSwiftMigration = 0900;
					};
				};
			};
			buildConfigurationList = 52C602801D920C3500CA749A /* Build configuration list for PBXProject "MapMyTrack" */;
			compatibilityVersion = "Xcode 3.2";
			developmentRegion = English;
			hasScannedForEncodings = 0;
			knownRegions = (
				en,
				Base,
			);
			mainGroup = 52C6027C1D920C3500CA749A;
			productRefGroup = 52C602861D920C3500CA749A /* Products */;
			projectDirPath = "";
			projectRoot = "";
			targets = (
				52C602841D920C3500CA749A /* MapMyTrack */,
			);
		};
/* End PBXProject section */

/* Begin PBXResourcesBuildPhase section */
		52C602831D920C3500CA749A /* Resources */ = {
			isa = PBXResourcesBuildPhase;
			buildActionMask = 2147483647;
			files = (
				52C602931D920C3500CA749A /* LaunchScreen.storyboard in Resources */,
				52C602901D920C3500CA749A /* Assets.xcassets in Resources */,
				52C6028E1D920C3500CA749A /* Main.storyboard in Resources */,
			);
			runOnlyForDeploymentPostprocessing = 0;
		};
/* End PBXResourcesBuildPhase section */

/* Begin PBXSourcesBuildPhase section */
		52C602811D920C3500CA749A /* Sources */ = {
			isa = PBXSourcesBuildPhase;
			buildActionMask = 2147483647;
			files = (
				5236CF641D9439D400327C4B /* CustomRunTableViewCell.swift in Sources */,
				52FA12911DA982520024112A /* TabBarController.swift in Sources */,
				52C602891D920C3500CA749A /* AppDelegate.swift in Sources */,
				521877871D9B3B8B00A63112 /* SavedRunsViewController.swift in Sources */,
				52C6029F1D92201100CA749A /* Run.swift in Sources */,
				52C6029B1D920DA300CA749A /* MapViewController.swift in Sources */,
			);
			runOnlyForDeploymentPostprocessing = 0;
		};
/* End PBXSourcesBuildPhase section */

/* Begin PBXVariantGroup section */
		52C6028C1D920C3500CA749A /* Main.storyboard */ = {
			isa = PBXVariantGroup;
			children = (
				52C6028D1D920C3500CA749A /* Base */,
			);
			name = Main.storyboard;
			sourceTree = "<group>";
		};
		52C602911D920C3500CA749A /* LaunchScreen.storyboard */ = {
			isa = PBXVariantGroup;
			children = (
				52C602921D920C3500CA749A /* Base */,
			);
			name = LaunchScreen.storyboard;
			sourceTree = "<group>";
		};
/* End PBXVariantGroup section */

/* Begin XCBuildConfiguration section */
		52C602951D920C3500CA749A /* Debug */ = {
			isa = XCBuildConfiguration;
			buildSettings = {
				ALWAYS_SEARCH_USER_PATHS = NO;
				CLANG_ANALYZER_NONNULL = YES;
				CLANG_CXX_LANGUAGE_STANDARD = "gnu++0x";
				CLANG_CXX_LIBRARY = "libc++";
				CLANG_ENABLE_MODULES = YES;
				CLANG_ENABLE_OBJC_ARC = YES;
				CLANG_WARN_BLOCK_CAPTURE_AUTORELEASING = YES;
				CLANG_WARN_BOOL_CONVERSION = YES;
				CLANG_WARN_COMMA = YES;
				CLANG_WARN_CONSTANT_CONVERSION = YES;
				CLANG_WARN_DIRECT_OBJC_ISA_USAGE = YES_ERROR;
				CLANG_WARN_EMPTY_BODY = YES;
				CLANG_WARN_ENUM_CONVERSION = YES;
				CLANG_WARN_INFINITE_RECURSION = YES;
				CLANG_WARN_INT_CONVERSION = YES;
				CLANG_WARN_NON_LITERAL_NULL_CONVERSION = YES;
				CLANG_WARN_OBJC_LITERAL_CONVERSION = YES;
				CLANG_WARN_OBJC_ROOT_CLASS = YES_ERROR;
				CLANG_WARN_RANGE_LOOP_ANALYSIS = YES;
				CLANG_WARN_STRICT_PROTOTYPES = YES;
				CLANG_WARN_SUSPICIOUS_MOVE = YES;
				CLANG_WARN_UNREACHABLE_CODE = YES;
				CLANG_WARN__DUPLICATE_METHOD_MATCH = YES;
				"CODE_SIGN_IDENTITY[sdk=iphoneos*]" = "iPhone Developer";
				COPY_PHASE_STRIP = NO;
				DEBUG_INFORMATION_FORMAT = dwarf;
				ENABLE_STRICT_OBJC_MSGSEND = YES;
				ENABLE_TESTABILITY = YES;
				GCC_C_LANGUAGE_STANDARD = gnu99;
				GCC_DYNAMIC_NO_PIC = NO;
				GCC_NO_COMMON_BLOCKS = YES;
				GCC_OPTIMIZATION_LEVEL = 0;
				GCC_PREPROCESSOR_DEFINITIONS = (
					"DEBUG=1",
					"$(inherited)",
				);
				GCC_WARN_64_TO_32_BIT_CONVERSION = YES;
				GCC_WARN_ABOUT_RETURN_TYPE = YES_ERROR;
				GCC_WARN_UNDECLARED_SELECTOR = YES;
				GCC_WARN_UNINITIALIZED_AUTOS = YES_AGGRESSIVE;
				GCC_WARN_UNUSED_FUNCTION = YES;
				GCC_WARN_UNUSED_VARIABLE = YES;
				IPHONEOS_DEPLOYMENT_TARGET = 9.3;
				MTL_ENABLE_DEBUG_INFO = YES;
				ONLY_ACTIVE_ARCH = YES;
				SDKROOT = iphoneos;
				SWIFT_OPTIMIZATION_LEVEL = "-Onone";
			};
			name = Debug;
		};
		52C602961D920C3500CA749A /* Release */ = {
			isa = XCBuildConfiguration;
			buildSettings = {
				ALWAYS_SEARCH_USER_PATHS = NO;
				CLANG_ANALYZER_NONNULL = YES;
				CLANG_CXX_LANGUAGE_STANDARD = "gnu++0x";
				CLANG_CXX_LIBRARY = "libc++";
				CLANG_ENABLE_MODULES = YES;
				CLANG_ENABLE_OBJC_ARC = YES;
				CLANG_WARN_BLOCK_CAPTURE_AUTORELEASING = YES;
				CLANG_WARN_BOOL_CONVERSION = YES;
				CLANG_WARN_COMMA = YES;
				CLANG_WARN_CONSTANT_CONVERSION = YES;
				CLANG_WARN_DIRECT_OBJC_ISA_USAGE = YES_ERROR;
				CLANG_WARN_EMPTY_BODY = YES;
				CLANG_WARN_ENUM_CONVERSION = YES;
				CLANG_WARN_INFINITE_RECURSION = YES;
				CLANG_WARN_INT_CONVERSION = YES;
				CLANG_WARN_NON_LITERAL_NULL_CONVERSION = YES;
				CLANG_WARN_OBJC_LITERAL_CONVERSION = YES;
				CLANG_WARN_OBJC_ROOT_CLASS = YES_ERROR;
				CLANG_WARN_RANGE_LOOP_ANALYSIS = YES;
				CLANG_WARN_STRICT_PROTOTYPES = YES;
				CLANG_WARN_SUSPICIOUS_MOVE = YES;
				CLANG_WARN_UNREACHABLE_CODE = YES;
				CLANG_WARN__DUPLICATE_METHOD_MATCH = YES;
				"CODE_SIGN_IDENTITY[sdk=iphoneos*]" = "iPhone Developer";
				COPY_PHASE_STRIP = NO;
				DEBUG_INFORMATION_FORMAT = "dwarf-with-dsym";
				ENABLE_NS_ASSERTIONS = NO;
				ENABLE_STRICT_OBJC_MSGSEND = YES;
				GCC_C_LANGUAGE_STANDARD = gnu99;
				GCC_NO_COMMON_BLOCKS = YES;
				GCC_WARN_64_TO_32_BIT_CONVERSION = YES;
				GCC_WARN_ABOUT_RETURN_TYPE = YES_ERROR;
				GCC_WARN_UNDECLARED_SELECTOR = YES;
				GCC_WARN_UNINITIALIZED_AUTOS = YES_AGGRESSIVE;
				GCC_WARN_UNUSED_FUNCTION = YES;
				GCC_WARN_UNUSED_VARIABLE = YES;
				IPHONEOS_DEPLOYMENT_TARGET = 9.3;
				MTL_ENABLE_DEBUG_INFO = NO;
				SDKROOT = iphoneos;
				SWIFT_OPTIMIZATION_LEVEL = "-Owholemodule";
				VALIDATE_PRODUCT = YES;
			};
			name = Release;
		};
		52C602981D920C3500CA749A /* Debug */ = {
			isa = XCBuildConfiguration;
			buildSettings = {
				ASSETCATALOG_COMPILER_APPICON_NAME = AppIcon;
				CODE_SIGN_IDENTITY = "iPhone Developer";
				"CODE_SIGN_IDENTITY[sdk=iphoneos*]" = "iPhone Developer";
				INFOPLIST_FILE = MapMyTrack/Info.plist;
				LD_RUNPATH_SEARCH_PATHS = "$(inherited) @executable_path/Frameworks";
				PRODUCT_BUNDLE_IDENTIFIER = "com.gmail-auvergne.stefan.MapMyTrack";
				PRODUCT_NAME = "$(TARGET_NAME)";
				PROVISIONING_PROFILE = "";
				SWIFT_SWIFT3_OBJC_INFERENCE = On;
				SWIFT_VERSION = 4.0;
			};
			name = Debug;
		};
		52C602991D920C3500CA749A /* Release */ = {
			isa = XCBuildConfiguration;
			buildSettings = {
				ASSETCATALOG_COMPILER_APPICON_NAME = AppIcon;
				CODE_SIGN_IDENTITY = "iPhone Developer";
				"CODE_SIGN_IDENTITY[sdk=iphoneos*]" = "iPhone Developer";
				INFOPLIST_FILE = MapMyTrack/Info.plist;
				LD_RUNPATH_SEARCH_PATHS = "$(inherited) @executable_path/Frameworks";
				PRODUCT_BUNDLE_IDENTIFIER = "com.gmail-auvergne.stefan.MapMyTrack";
				PRODUCT_NAME = "$(TARGET_NAME)";
				PROVISIONING_PROFILE = "";
				SWIFT_SWIFT3_OBJC_INFERENCE = On;
				SWIFT_VERSION = 4.0;
			};
			name = Release;
		};
/* End XCBuildConfiguration section */

/* Begin XCConfigurationList section */
		52C602801D920C3500CA749A /* Build configuration list for PBXProject "MapMyTrack" */ = {
			isa = XCConfigurationList;
			buildConfigurations = (
				52C602951D920C3500CA749A /* Debug */,
				52C602961D920C3500CA749A /* Release */,
			);
			defaultConfigurationIsVisible = 0;
			defaultConfigurationName = Release;
		};
		52C602971D920C3500CA749A /* Build configuration list for PBXNativeTarget "MapMyTrack" */ = {
			isa = XCConfigurationList;
			buildConfigurations = (
				52C602981D920C3500CA749A /* Debug */,
				52C602991D920C3500CA749A /* Release */,
			);
			defaultConfigurationIsVisible = 0;
			defaultConfigurationName = Release;
		};
/* End XCConfigurationList section */
	};
	rootObject = 52C6027D1D920C3500CA749A /* Project object */;
}
